
Microsoft Visual Studio Solution File, Format Version 12.00
# Visual Studio Version 17
VisualStudioVersion = 17.9.34728.123
MinimumVisualStudioVersion = 10.0.40219.1
Project("{9A19103F-16F7-4668-BE54-9A1E7A4F7556}") = "Plugin.Maui.DeviceOrientation", "src\Plugin.Maui.DeviceOrientation.csproj", "{E5D3F238-FC65-45E9-BD50-6CB94F994364}"
EndProject
Global
	GlobalSection(SolutionConfigurationPlatforms) = preSolution
		Debug|Any CPU = Debug|Any CPU
		Release|Any CPU = Release|Any CPU
	EndGlobalSection
	GlobalSection(ProjectConfigurationPlatforms) = postSolution
		{E5D3F238-FC65-45E9-BD50-6CB94F994364}.Debug|Any CPU.ActiveCfg = Debug|Any CPU
		{E5D3F238-FC65-45E9-BD50-6CB94F994364}.Debug|Any CPU.Build.0 = Debug|Any CPU
		{E5D3F238-FC65-45E9-BD50-6CB94F994364}.Release|Any CPU.ActiveCfg = Release|Any CPU
		{E5D3F238-FC65-45E9-BD50-6CB94F994364}.Release|Any CPU.Build.0 = Release|Any CPU
	EndGlobalSection
	GlobalSection(SolutionProperties) = preSolution
		HideSolutionNode = FALSE
	EndGlobalSection
	GlobalSection(ExtensibilityGlobals) = postSolution
		SolutionGuid = {9C1A5250-4B63-4ABE-9E4A-65064808F863}
	EndGlobalSection
EndGlobal
